
Microsoft Visual Studio Solution File, Format Version 12.00
# Visual Studio Version 17
VisualStudioVersion = 17.10.34916.146
MinimumVisualStudioVersion = 10.0.40219.1
Project("{FAE04EC0-301F-11D3-BF4B-00C04F79EFBC}") = "Expences Tracker", "Expences Tracker\Expences Tracker.csproj", "{EE50E543-579E-4551-99A2-C16D4F74FAE0}"
EndProject
Project("{2150E333-8FDC-42A3-9474-1A3956D46DE8}") = "Solution Items", "Solution Items", "{2352363D-3057-4799-A938-3281FEBCB607}"
	ProjectSection(SolutionItems) = preProject
		.editorconfig = .editorconfig
	EndProjectSection
EndProject
Global
	GlobalSection(SolutionConfigurationPlatforms) = preSolution
		Debug|Any CPU = Debug|Any CPU
		Release|Any CPU = Release|Any CPU
	EndGlobalSection
	GlobalSection(ProjectConfigurationPlatforms) = postSolution
		{EE50E543-579E-4551-99A2-C16D4F74FAE0}.Debug|Any CPU.ActiveCfg = Debug|Any CPU
		{EE50E543-579E-4551-99A2-C16D4F74FAE0}.Debug|Any CPU.Build.0 = Debug|Any CPU
		{EE50E543-579E-4551-99A2-C16D4F74FAE0}.Release|Any CPU.ActiveCfg = Release|Any CPU
		{EE50E543-579E-4551-99A2-C16D4F74FAE0}.Release|Any CPU.Build.0 = Release|Any CPU
	EndGlobalSection
	GlobalSection(SolutionProperties) = preSolution
		HideSolutionNode = FALSE
	EndGlobalSection
	GlobalSection(ExtensibilityGlobals) = postSolution
		SolutionGuid = {45586FAA-D466-4DCD-8A8C-4BDD29A0E32B}
	EndGlobalSection
EndGlobal
